// !$*UTF8*$!
{
	archiveVersion = 1;
	classes = {
	};
	objectVersion = 56;
	objects = {

/* Begin PBXBuildFile section */
		130D38132B318013004BA1A7 /* RegistrationViewController.swift in Sources */ = {isa = PBXBuildFile; fileRef = 130D38122B318013004BA1A7 /* RegistrationViewController.swift */; };
		132F651A2B31905200B6F716 /* ProfileTableViewCell.swift in Sources */ = {isa = PBXBuildFile; fileRef = 132F65192B31905200B6F716 /* ProfileTableViewCell.swift */; };
		134DD7602B334017003F5040 /* SnapKit in Frameworks */ = {isa = PBXBuildFile; productRef = 134DD75F2B334017003F5040 /* SnapKit */; };
		1372E3282B2F8F6F001BDF0E /* HomeViewController.swift in Sources */ = {isa = PBXBuildFile; fileRef = 1372E3272B2F8F6F001BDF0E /* HomeViewController.swift */; };
		1372E32A2B2F8FB3001BDF0E /* FavoritesViewController.swift in Sources */ = {isa = PBXBuildFile; fileRef = 1372E3292B2F8FB3001BDF0E /* FavoritesViewController.swift */; };
		1372E32C2B2F8FD5001BDF0E /* ProfileViewController.swift in Sources */ = {isa = PBXBuildFile; fileRef = 1372E32B2B2F8FD5001BDF0E /* ProfileViewController.swift */; };
		13784EBD2B302B2D007D03F4 /* MovieDetailViewController.swift in Sources */ = {isa = PBXBuildFile; fileRef = 13784EBC2B302B2D007D03F4 /* MovieDetailViewController.swift */; };
		138386272B2F178500FAB406 /* AppDelegate.swift in Sources */ = {isa = PBXBuildFile; fileRef = 138386262B2F178500FAB406 /* AppDelegate.swift */; };
		138386292B2F178500FAB406 /* SceneDelegate.swift in Sources */ = {isa = PBXBuildFile; fileRef = 138386282B2F178500FAB406 /* SceneDelegate.swift */; };
		138386312B2F178500FAB406 /* VoioM.xcdatamodeld in Sources */ = {isa = PBXBuildFile; fileRef = 1383862F2B2F178500FAB406 /* VoioM.xcdatamodeld */; };
		138386332B2F178600FAB406 /* Assets.xcassets in Resources */ = {isa = PBXBuildFile; fileRef = 138386322B2F178600FAB406 /* Assets.xcassets */; };
		138386422B2F1CDD00FAB406 /* LoginViewController.swift in Sources */ = {isa = PBXBuildFile; fileRef = 138386412B2F1CDD00FAB406 /* LoginViewController.swift */; };
		13A6DD612B2FAB0600AFF2F4 /* MovieTableViewCell.swift in Sources */ = {isa = PBXBuildFile; fileRef = 13A6DD602B2FAB0600AFF2F4 /* MovieTableViewCell.swift */; };
		13B1EBBF2B2FA81D0035E37D /* Movie.swift in Sources */ = {isa = PBXBuildFile; fileRef = 13B1EBBE2B2FA81D0035E37D /* Movie.swift */; };
		13B1EBC22B2FA8630035E37D /* MovieSearchService.swift in Sources */ = {isa = PBXBuildFile; fileRef = 13B1EBC12B2FA8630035E37D /* MovieSearchService.swift */; };
		13ED489D2B31E953009136EA /* task.swift in Sources */ = {isa = PBXBuildFile; fileRef = 13ED489C2B31E953009136EA /* task.swift */; };
/* End PBXBuildFile section */

/* Begin PBXCopyFilesBuildPhase section */
		134DD7642B334036003F5040 /* Embed Frameworks */ = {
			isa = PBXCopyFilesBuildPhase;
			buildActionMask = 2147483647;
			dstPath = "";
			dstSubfolderSpec = 10;
			files = (
			);
			name = "Embed Frameworks";
			runOnlyForDeploymentPostprocessing = 0;
		};
/* End PBXCopyFilesBuildPhase section */

/* Begin PBXFileReference section */
		130D38122B318013004BA1A7 /* RegistrationViewController.swift */ = {isa = PBXFileReference; lastKnownFileType = sourcecode.swift; path = RegistrationViewController.swift; sourceTree = "<group>"; };
		132F65192B31905200B6F716 /* ProfileTableViewCell.swift */ = {isa = PBXFileReference; lastKnownFileType = sourcecode.swift; path = ProfileTableViewCell.swift; sourceTree = "<group>"; };
		1372E3272B2F8F6F001BDF0E /* HomeViewController.swift */ = {isa = PBXFileReference; lastKnownFileType = sourcecode.swift; path = HomeViewController.swift; sourceTree = "<group>"; };
		1372E3292B2F8FB3001BDF0E /* FavoritesViewController.swift */ = {isa = PBXFileReference; lastKnownFileType = sourcecode.swift; path = FavoritesViewController.swift; sourceTree = "<group>"; };
		1372E32B2B2F8FD5001BDF0E /* ProfileViewController.swift */ = {isa = PBXFileReference; lastKnownFileType = sourcecode.swift; path = ProfileViewController.swift; sourceTree = "<group>"; };
		13784EBC2B302B2D007D03F4 /* MovieDetailViewController.swift */ = {isa = PBXFileReference; lastKnownFileType = sourcecode.swift; path = MovieDetailViewController.swift; sourceTree = "<group>"; };
		138386232B2F178500FAB406 /* VoioM.app */ = {isa = PBXFileReference; explicitFileType = wrapper.application; includeInIndex = 0; path = VoioM.app; sourceTree = BUILT_PRODUCTS_DIR; };
		138386262B2F178500FAB406 /* AppDelegate.swift */ = {isa = PBXFileReference; lastKnownFileType = sourcecode.swift; path = AppDelegate.swift; sourceTree = "<group>"; };
		138386282B2F178500FAB406 /* SceneDelegate.swift */ = {isa = PBXFileReference; lastKnownFileType = sourcecode.swift; path = SceneDelegate.swift; sourceTree = "<group>"; };
		138386302B2F178500FAB406 /* VoioM.xcdatamodel */ = {isa = PBXFileReference; lastKnownFileType = wrapper.xcdatamodel; path = VoioM.xcdatamodel; sourceTree = "<group>"; };
		138386322B2F178600FAB406 /* Assets.xcassets */ = {isa = PBXFileReference; lastKnownFileType = folder.assetcatalog; path = Assets.xcassets; sourceTree = "<group>"; };
		138386372B2F178600FAB406 /* Info.plist */ = {isa = PBXFileReference; lastKnownFileType = text.plist.xml; path = Info.plist; sourceTree = "<group>"; };
		138386412B2F1CDD00FAB406 /* LoginViewController.swift */ = {isa = PBXFileReference; lastKnownFileType = sourcecode.swift; path = LoginViewController.swift; sourceTree = "<group>"; };
		13A6DD602B2FAB0600AFF2F4 /* MovieTableViewCell.swift */ = {isa = PBXFileReference; lastKnownFileType = sourcecode.swift; path = MovieTableViewCell.swift; sourceTree = "<group>"; };
		13B1EBBE2B2FA81D0035E37D /* Movie.swift */ = {isa = PBXFileReference; lastKnownFileType = sourcecode.swift; path = Movie.swift; sourceTree = "<group>"; };
		13B1EBC12B2FA8630035E37D /* MovieSearchService.swift */ = {isa = PBXFileReference; lastKnownFileType = sourcecode.swift; path = MovieSearchService.swift; sourceTree = "<group>"; };
		13ED489C2B31E953009136EA /* task.swift */ = {isa = PBXFileReference; lastKnownFileType = sourcecode.swift; path = task.swift; sourceTree = "<group>"; };
		3D1C99D961B37BB77E8281B8 /* Pods-VoioM.debug.xcconfig */ = {isa = PBXFileReference; includeInIndex = 1; lastKnownFileType = text.xcconfig; name = "Pods-VoioM.debug.xcconfig"; path = "Target Support Files/Pods-VoioM/Pods-VoioM.debug.xcconfig"; sourceTree = "<group>"; };
		595896A29E9E35CA0917E81B /* Pods_VoioM.framework */ = {isa = PBXFileReference; explicitFileType = wrapper.framework; includeInIndex = 0; path = Pods_VoioM.framework; sourceTree = BUILT_PRODUCTS_DIR; };
		A7994FF34FDEDEF45483BFAC /* Pods-VoioM.release.xcconfig */ = {isa = PBXFileReference; includeInIndex = 1; lastKnownFileType = text.xcconfig; name = "Pods-VoioM.release.xcconfig"; path = "Target Support Files/Pods-VoioM/Pods-VoioM.release.xcconfig"; sourceTree = "<group>"; };
/* End PBXFileReference section */

/* Begin PBXFrameworksBuildPhase section */
		138386202B2F178500FAB406 /* Frameworks */ = {
			isa = PBXFrameworksBuildPhase;
			buildActionMask = 2147483647;
			files = (
				134DD7602B334017003F5040 /* SnapKit in Frameworks */,
			);
			runOnlyForDeploymentPostprocessing = 0;
		};
/* End PBXFrameworksBuildPhase section */

/* Begin PBXGroup section */
		1383861A2B2F178500FAB406 = {
			isa = PBXGroup;
			children = (
				13ED489C2B31E953009136EA /* task.swift */,
				138386252B2F178500FAB406 /* VoioM */,
				138386242B2F178500FAB406 /* Products */,
				AAD032E03BE3639558F3EA75 /* Pods */,
				55A1188F40233A0CE01BF8F1 /* Frameworks */,
			);
			sourceTree = "<group>";
		};
		138386242B2F178500FAB406 /* Products */ = {
			isa = PBXGroup;
			children = (
				138386232B2F178500FAB406 /* VoioM.app */,
			);
			name = Products;
			sourceTree = "<group>";
		};
		138386252B2F178500FAB406 /* VoioM */ = {
			isa = PBXGroup;
			children = (
				13A6DD5E2B2FAAEA00AFF2F4 /* Cells */,
				13B1EBC02B2FA8540035E37D /* Service */,
				13B1EBBD2B2FA7F80035E37D /* Models */,
				138386402B2F196400FAB406 /* CoreData */,
				1383863F2B2F194B00FAB406 /* Application */,
				1383863E2B2F193F00FAB406 /* Controllers */,
				1383863D2B2F192800FAB406 /* Resources */,
			);
			path = VoioM;
			sourceTree = "<group>";
		};
		1383863D2B2F192800FAB406 /* Resources */ = {
			isa = PBXGroup;
			children = (
				138386322B2F178600FAB406 /* Assets.xcassets */,
				138386372B2F178600FAB406 /* Info.plist */,
			);
			path = Resources;
			sourceTree = "<group>";
		};
		1383863E2B2F193F00FAB406 /* Controllers */ = {
			isa = PBXGroup;
			children = (
				138386412B2F1CDD00FAB406 /* LoginViewController.swift */,
				1372E3272B2F8F6F001BDF0E /* HomeViewController.swift */,
				1372E3292B2F8FB3001BDF0E /* FavoritesViewController.swift */,
				1372E32B2B2F8FD5001BDF0E /* ProfileViewController.swift */,
				13784EBC2B302B2D007D03F4 /* MovieDetailViewController.swift */,
				130D38122B318013004BA1A7 /* RegistrationViewController.swift */,
			);
			path = Controllers;
			sourceTree = "<group>";
		};
		1383863F2B2F194B00FAB406 /* Application */ = {
			isa = PBXGroup;
			children = (
				138386262B2F178500FAB406 /* AppDelegate.swift */,
				138386282B2F178500FAB406 /* SceneDelegate.swift */,
			);
			path = Application;
			sourceTree = "<group>";
		};
		138386402B2F196400FAB406 /* CoreData */ = {
			isa = PBXGroup;
			children = (
				1383862F2B2F178500FAB406 /* VoioM.xcdatamodeld */,
			);
			path = CoreData;
			sourceTree = "<group>";
		};
		13A6DD5E2B2FAAEA00AFF2F4 /* Cells */ = {
			isa = PBXGroup;
			children = (
				13A6DD602B2FAB0600AFF2F4 /* MovieTableViewCell.swift */,
				132F65192B31905200B6F716 /* ProfileTableViewCell.swift */,
			);
			path = Cells;
			sourceTree = "<group>";
		};
		13B1EBBD2B2FA7F80035E37D /* Models */ = {
			isa = PBXGroup;
			children = (
				13B1EBBE2B2FA81D0035E37D /* Movie.swift */,
			);
			path = Models;
			sourceTree = "<group>";
		};
		13B1EBC02B2FA8540035E37D /* Service */ = {
			isa = PBXGroup;
			children = (
				13B1EBC12B2FA8630035E37D /* MovieSearchService.swift */,
			);
			path = Service;
			sourceTree = "<group>";
		};
		55A1188F40233A0CE01BF8F1 /* Frameworks */ = {
			isa = PBXGroup;
			children = (
				595896A29E9E35CA0917E81B /* Pods_VoioM.framework */,
			);
			name = Frameworks;
			sourceTree = "<group>";
		};
		AAD032E03BE3639558F3EA75 /* Pods */ = {
			isa = PBXGroup;
			children = (
				3D1C99D961B37BB77E8281B8 /* Pods-VoioM.debug.xcconfig */,
				A7994FF34FDEDEF45483BFAC /* Pods-VoioM.release.xcconfig */,
			);
			path = Pods;
			sourceTree = "<group>";
		};
/* End PBXGroup section */

/* Begin PBXNativeTarget section */
		138386222B2F178500FAB406 /* VoioM */ = {
			isa = PBXNativeTarget;
			buildConfigurationList = 1383863A2B2F178600FAB406 /* Build configuration list for PBXNativeTarget "VoioM" */;
			buildPhases = (
				67799EDB12F8FCC7151C2D32 /* [CP] Check Pods Manifest.lock */,
				1383861F2B2F178500FAB406 /* Sources */,
				138386202B2F178500FAB406 /* Frameworks */,
				138386212B2F178500FAB406 /* Resources */,
				134DD7642B334036003F5040 /* Embed Frameworks */,
			);
			buildRules = (
			);
			dependencies = (
			);
			name = VoioM;
			packageProductDependencies = (
				134DD75F2B334017003F5040 /* SnapKit */,
			);
			productName = VoioM;
			productReference = 138386232B2F178500FAB406 /* VoioM.app */;
			productType = "com.apple.product-type.application";
		};
/* End PBXNativeTarget section */

/* Begin PBXProject section */
		1383861B2B2F178500FAB406 /* Project object */ = {
			isa = PBXProject;
			attributes = {
				BuildIndependentTargetsInParallel = 1;
				LastSwiftUpdateCheck = 1510;
				LastUpgradeCheck = 1510;
				TargetAttributes = {
					138386222B2F178500FAB406 = {
						CreatedOnToolsVersion = 15.1;
					};
				};
			};
			buildConfigurationList = 1383861E2B2F178500FAB406 /* Build configuration list for PBXProject "VoioM" */;
			compatibilityVersion = "Xcode 14.0";
			developmentRegion = en;
			hasScannedForEncodings = 0;
			knownRegions = (
				en,
				Base,
			);
			mainGroup = 1383861A2B2F178500FAB406;
			packageReferences = (
				134DD75E2B334017003F5040 /* XCRemoteSwiftPackageReference "SnapKit" */,
			);
			productRefGroup = 138386242B2F178500FAB406 /* Products */;
			projectDirPath = "";
			projectRoot = "";
			targets = (
				138386222B2F178500FAB406 /* VoioM */,
			);
		};
/* End PBXProject section */

/* Begin PBXResourcesBuildPhase section */
		138386212B2F178500FAB406 /* Resources */ = {
			isa = PBXResourcesBuildPhase;
			buildActionMask = 2147483647;
			files = (
				138386332B2F178600FAB406 /* Assets.xcassets in Resources */,
			);
			runOnlyForDeploymentPostprocessing = 0;
		};
/* End PBXResourcesBuildPhase section */

/* Begin PBXShellScriptBuildPhase section */
		67799EDB12F8FCC7151C2D32 /* [CP] Check Pods Manifest.lock */ = {
			isa = PBXShellScriptBuildPhase;
			buildActionMask = 2147483647;
			files = (
			);
			inputFileListPaths = (
			);
			inputPaths = (
				"${PODS_PODFILE_DIR_PATH}/Podfile.lock",
				"${PODS_ROOT}/Manifest.lock",
			);
			name = "[CP] Check Pods Manifest.lock";
			outputFileListPaths = (
			);
			outputPaths = (
				"$(DERIVED_FILE_DIR)/Pods-VoioM-checkManifestLockResult.txt",
			);
			runOnlyForDeploymentPostprocessing = 0;
			shellPath = /bin/sh;
			shellScript = "diff \"${PODS_PODFILE_DIR_PATH}/Podfile.lock\" \"${PODS_ROOT}/Manifest.lock\" > /dev/null\nif [ $? != 0 ] ; then\n    # print error to STDERR\n    echo \"error: The sandbox is not in sync with the Podfile.lock. Run 'pod install' or update your CocoaPods installation.\" >&2\n    exit 1\nfi\n# This output is used by Xcode 'outputs' to avoid re-running this script phase.\necho \"SUCCESS\" > \"${SCRIPT_OUTPUT_FILE_0}\"\n";
			showEnvVarsInLog = 0;
		};
/* End PBXShellScriptBuildPhase section */

/* Begin PBXSourcesBuildPhase section */
		1383861F2B2F178500FAB406 /* Sources */ = {
			isa = PBXSourcesBuildPhase;
			buildActionMask = 2147483647;
			files = (
				138386312B2F178500FAB406 /* VoioM.xcdatamodeld in Sources */,
				13B1EBC22B2FA8630035E37D /* MovieSearchService.swift in Sources */,
				13B1EBBF2B2FA81D0035E37D /* Movie.swift in Sources */,
				13784EBD2B302B2D007D03F4 /* MovieDetailViewController.swift in Sources */,
				1372E32A2B2F8FB3001BDF0E /* FavoritesViewController.swift in Sources */,
				138386272B2F178500FAB406 /* AppDelegate.swift in Sources */,
				130D38132B318013004BA1A7 /* RegistrationViewController.swift in Sources */,
				13A6DD612B2FAB0600AFF2F4 /* MovieTableViewCell.swift in Sources */,
				1372E3282B2F8F6F001BDF0E /* HomeViewController.swift in Sources */,
				132F651A2B31905200B6F716 /* ProfileTableViewCell.swift in Sources */,
				138386422B2F1CDD00FAB406 /* LoginViewController.swift in Sources */,
				13ED489D2B31E953009136EA /* task.swift in Sources */,
				1372E32C2B2F8FD5001BDF0E /* ProfileViewController.swift in Sources */,
				138386292B2F178500FAB406 /* SceneDelegate.swift in Sources */,
			);
			runOnlyForDeploymentPostprocessing = 0;
		};
/* End PBXSourcesBuildPhase section */

/* Begin XCBuildConfiguration section */
		138386382B2F178600FAB406 /* Debug */ = {
			isa = XCBuildConfiguration;
			buildSettings = {
				ALWAYS_SEARCH_USER_PATHS = NO;
				ASSETCATALOG_COMPILER_GENERATE_SWIFT_ASSET_SYMBOL_EXTENSIONS = YES;
				CLANG_ANALYZER_NONNULL = YES;
				CLANG_ANALYZER_NUMBER_OBJECT_CONVERSION = YES_AGGRESSIVE;
				CLANG_CXX_LANGUAGE_STANDARD = "gnu++20";
				CLANG_ENABLE_MODULES = YES;
				CLANG_ENABLE_OBJC_ARC = YES;
				CLANG_ENABLE_OBJC_WEAK = YES;
				CLANG_WARN_BLOCK_CAPTURE_AUTORELEASING = YES;
				CLANG_WARN_BOOL_CONVERSION = YES;
				CLANG_WARN_COMMA = YES;
				CLANG_WARN_CONSTANT_CONVERSION = YES;
				CLANG_WARN_DEPRECATED_OBJC_IMPLEMENTATIONS = YES;
				CLANG_WARN_DIRECT_OBJC_ISA_USAGE = YES_ERROR;
				CLANG_WARN_DOCUMENTATION_COMMENTS = YES;
				CLANG_WARN_EMPTY_BODY = YES;
				CLANG_WARN_ENUM_CONVERSION = YES;
				CLANG_WARN_INFINITE_RECURSION = YES;
				CLANG_WARN_INT_CONVERSION = YES;
				CLANG_WARN_NON_LITERAL_NULL_CONVERSION = YES;
				CLANG_WARN_OBJC_IMPLICIT_RETAIN_SELF = YES;
				CLANG_WARN_OBJC_LITERAL_CONVERSION = YES;
				CLANG_WARN_OBJC_ROOT_CLASS = YES_ERROR;
				CLANG_WARN_QUOTED_INCLUDE_IN_FRAMEWORK_HEADER = YES;
				CLANG_WARN_RANGE_LOOP_ANALYSIS = YES;
				CLANG_WARN_STRICT_PROTOTYPES = YES;
				CLANG_WARN_SUSPICIOUS_MOVE = YES;
				CLANG_WARN_UNGUARDED_AVAILABILITY = YES_AGGRESSIVE;
				CLANG_WARN_UNREACHABLE_CODE = YES;
				CLANG_WARN__DUPLICATE_METHOD_MATCH = YES;
				COPY_PHASE_STRIP = NO;
				DEBUG_INFORMATION_FORMAT = dwarf;
				ENABLE_STRICT_OBJC_MSGSEND = YES;
				ENABLE_TESTABILITY = YES;
				ENABLE_USER_SCRIPT_SANDBOXING = YES;
				GCC_C_LANGUAGE_STANDARD = gnu17;
				GCC_DYNAMIC_NO_PIC = NO;
				GCC_NO_COMMON_BLOCKS = YES;
				GCC_OPTIMIZATION_LEVEL = 0;
				GCC_PREPROCESSOR_DEFINITIONS = (
					"DEBUG=1",
					"$(inherited)",
				);
				GCC_WARN_64_TO_32_BIT_CONVERSION = YES;
				GCC_WARN_ABOUT_RETURN_TYPE = YES_ERROR;
				GCC_WARN_UNDECLARED_SELECTOR = YES;
				GCC_WARN_UNINITIALIZED_AUTOS = YES_AGGRESSIVE;
				GCC_WARN_UNUSED_FUNCTION = YES;
				GCC_WARN_UNUSED_VARIABLE = YES;
				IPHONEOS_DEPLOYMENT_TARGET = 17.2;
				LOCALIZATION_PREFERS_STRING_CATALOGS = YES;
				MTL_ENABLE_DEBUG_INFO = INCLUDE_SOURCE;
				MTL_FAST_MATH = YES;
				ONLY_ACTIVE_ARCH = YES;
				SDKROOT = iphoneos;
				SWIFT_ACTIVE_COMPILATION_CONDITIONS = "DEBUG $(inherited)";
				SWIFT_OPTIMIZATION_LEVEL = "-Onone";
			};
			name = Debug;
		};
		138386392B2F178600FAB406 /* Release */ = {
			isa = XCBuildConfiguration;
			buildSettings = {
				ALWAYS_SEARCH_USER_PATHS = NO;
				ASSETCATALOG_COMPILER_GENERATE_SWIFT_ASSET_SYMBOL_EXTENSIONS = YES;
				CLANG_ANALYZER_NONNULL = YES;
				CLANG_ANALYZER_NUMBER_OBJECT_CONVERSION = YES_AGGRESSIVE;
				CLANG_CXX_LANGUAGE_STANDARD = "gnu++20";
				CLANG_ENABLE_MODULES = YES;
				CLANG_ENABLE_OBJC_ARC = YES;
				CLANG_ENABLE_OBJC_WEAK = YES;
				CLANG_WARN_BLOCK_CAPTURE_AUTORELEASING = YES;
				CLANG_WARN_BOOL_CONVERSION = YES;
				CLANG_WARN_COMMA = YES;
				CLANG_WARN_CONSTANT_CONVERSION = YES;
				CLANG_WARN_DEPRECATED_OBJC_IMPLEMENTATIONS = YES;
				CLANG_WARN_DIRECT_OBJC_ISA_USAGE = YES_ERROR;
				CLANG_WARN_DOCUMENTATION_COMMENTS = YES;
				CLANG_WARN_EMPTY_BODY = YES;
				CLANG_WARN_ENUM_CONVERSION = YES;
				CLANG_WARN_INFINITE_RECURSION = YES;
				CLANG_WARN_INT_CONVERSION = YES;
				CLANG_WARN_NON_LITERAL_NULL_CONVERSION = YES;
				CLANG_WARN_OBJC_IMPLICIT_RETAIN_SELF = YES;
				CLANG_WARN_OBJC_LITERAL_CONVERSION = YES;
				CLANG_WARN_OBJC_ROOT_CLASS = YES_ERROR;
				CLANG_WARN_QUOTED_INCLUDE_IN_FRAMEWORK_HEADER = YES;
				CLANG_WARN_RANGE_LOOP_ANALYSIS = YES;
				CLANG_WARN_STRICT_PROTOTYPES = YES;
				CLANG_WARN_SUSPICIOUS_MOVE = YES;
				CLANG_WARN_UNGUARDED_AVAILABILITY = YES_AGGRESSIVE;
				CLANG_WARN_UNREACHABLE_CODE = YES;
				CLANG_WARN__DUPLICATE_METHOD_MATCH = YES;
				COPY_PHASE_STRIP = NO;
				DEBUG_INFORMATION_FORMAT = "dwarf-with-dsym";
				ENABLE_NS_ASSERTIONS = NO;
				ENABLE_STRICT_OBJC_MSGSEND = YES;
				ENABLE_USER_SCRIPT_SANDBOXING = YES;
				GCC_C_LANGUAGE_STANDARD = gnu17;
				GCC_NO_COMMON_BLOCKS = YES;
				GCC_WARN_64_TO_32_BIT_CONVERSION = YES;
				GCC_WARN_ABOUT_RETURN_TYPE = YES_ERROR;
				GCC_WARN_UNDECLARED_SELECTOR = YES;
				GCC_WARN_UNINITIALIZED_AUTOS = YES_AGGRESSIVE;
				GCC_WARN_UNUSED_FUNCTION = YES;
				GCC_WARN_UNUSED_VARIABLE = YES;
				IPHONEOS_DEPLOYMENT_TARGET = 17.2;
				LOCALIZATION_PREFERS_STRING_CATALOGS = YES;
				MTL_ENABLE_DEBUG_INFO = NO;
				MTL_FAST_MATH = YES;
				SDKROOT = iphoneos;
				SWIFT_COMPILATION_MODE = wholemodule;
				VALIDATE_PRODUCT = YES;
			};
			name = Release;
		};
		1383863B2B2F178600FAB406 /* Debug */ = {
			isa = XCBuildConfiguration;
			baseConfigurationReference = 3D1C99D961B37BB77E8281B8 /* Pods-VoioM.debug.xcconfig */;
			buildSettings = {
				ASSETCATALOG_COMPILER_APPICON_NAME = AppIcon;
				ASSETCATALOG_COMPILER_GLOBAL_ACCENT_COLOR_NAME = AccentColor;
				CODE_SIGN_STYLE = Automatic;
				CURRENT_PROJECT_VERSION = 1;
				DEVELOPMENT_TEAM = 5F8NF33WRR;
				GENERATE_INFOPLIST_FILE = YES;
				INFOPLIST_FILE = VoioM/Resources/Info.plist;
				INFOPLIST_KEY_LSApplicationCategoryType = "public.app-category.entertainment";
				INFOPLIST_KEY_UIApplicationSupportsIndirectInputEvents = YES;
				INFOPLIST_KEY_UILaunchStoryboardName = LaunchScreen;
				INFOPLIST_KEY_UIMainStoryboardFile = "";
				INFOPLIST_KEY_UIStatusBarStyle = "";
				INFOPLIST_KEY_UISupportedInterfaceOrientations = UIInterfaceOrientationPortrait;
				INFOPLIST_KEY_UISupportedInterfaceOrientations_iPad = "UIInterfaceOrientationLandscapeLeft UIInterfaceOrientationLandscapeRight UIInterfaceOrientationPortrait UIInterfaceOrientationPortraitUpsideDown";
				IPHONEOS_DEPLOYMENT_TARGET = 15.0;
				LD_RUNPATH_SEARCH_PATHS = (
					"$(inherited)",
					"@executable_path/Frameworks",
				);
				MARKETING_VERSION = 1.0;
				PRODUCT_BUNDLE_IDENTIFIER = code.VoioM;
				PRODUCT_NAME = "$(TARGET_NAME)";
				SUPPORTED_PLATFORMS = "iphoneos iphonesimulator";
				SUPPORTS_MACCATALYST = NO;
				SUPPORTS_MAC_DESIGNED_FOR_IPHONE_IPAD = NO;
				SWIFT_EMIT_LOC_STRINGS = YES;
				SWIFT_VERSION = 5.0;
				TARGETED_DEVICE_FAMILY = 1;
			};
			name = Debug;
		};
		1383863C2B2F178600FAB406 /* Release */ = {
			isa = XCBuildConfiguration;
			baseConfigurationReference = A7994FF34FDEDEF45483BFAC /* Pods-VoioM.release.xcconfig */;
			buildSettings = {
				ASSETCATALOG_COMPILER_APPICON_NAME = AppIcon;
				ASSETCATALOG_COMPILER_GLOBAL_ACCENT_COLOR_NAME = AccentColor;
				CODE_SIGN_STYLE = Automatic;
				CURRENT_PROJECT_VERSION = 1;
				DEVELOPMENT_TEAM = 5F8NF33WRR;
				GENERATE_INFOPLIST_FILE = YES;
				INFOPLIST_FILE = VoioM/Resources/Info.plist;
				INFOPLIST_KEY_LSApplicationCategoryType = "public.app-category.entertainment";
				INFOPLIST_KEY_UIApplicationSupportsIndirectInputEvents = YES;
				INFOPLIST_KEY_UILaunchStoryboardName = LaunchScreen;
				INFOPLIST_KEY_UIMainStoryboardFile = "";
				INFOPLIST_KEY_UIStatusBarStyle = "";
				INFOPLIST_KEY_UISupportedInterfaceOrientations = UIInterfaceOrientationPortrait;
				INFOPLIST_KEY_UISupportedInterfaceOrientations_iPad = "UIInterfaceOrientationLandscapeLeft UIInterfaceOrientationLandscapeRight UIInterfaceOrientationPortrait UIInterfaceOrientationPortraitUpsideDown";
				IPHONEOS_DEPLOYMENT_TARGET = 15.0;
				LD_RUNPATH_SEARCH_PATHS = (
					"$(inherited)",
					"@executable_path/Frameworks",
				);
				MARKETING_VERSION = 1.0;
				PRODUCT_BUNDLE_IDENTIFIER = code.VoioM;
				PRODUCT_NAME = "$(TARGET_NAME)";
				SUPPORTED_PLATFORMS = "iphoneos iphonesimulator";
				SUPPORTS_MACCATALYST = NO;
				SUPPORTS_MAC_DESIGNED_FOR_IPHONE_IPAD = NO;
				SWIFT_EMIT_LOC_STRINGS = YES;
				SWIFT_VERSION = 5.0;
				TARGETED_DEVICE_FAMILY = 1;
			};
			name = Release;
		};
/* End XCBuildConfiguration section */

/* Begin XCConfigurationList section */
		1383861E2B2F178500FAB406 /* Build configuration list for PBXProject "VoioM" */ = {
			isa = XCConfigurationList;
			buildConfigurations = (
				138386382B2F178600FAB406 /* Debug */,
				138386392B2F178600FAB406 /* Release */,
			);
			defaultConfigurationIsVisible = 0;
			defaultConfigurationName = Release;
		};
		1383863A2B2F178600FAB406 /* Build configuration list for PBXNativeTarget "VoioM" */ = {
			isa = XCConfigurationList;
			buildConfigurations = (
				1383863B2B2F178600FAB406 /* Debug */,
				1383863C2B2F178600FAB406 /* Release */,
			);
			defaultConfigurationIsVisible = 0;
			defaultConfigurationName = Release;
		};
/* End XCConfigurationList section */

/* Begin XCRemoteSwiftPackageReference section */
		134DD75E2B334017003F5040 /* XCRemoteSwiftPackageReference "SnapKit" */ = {
			isa = XCRemoteSwiftPackageReference;
			repositoryURL = "https://github.com/SnapKit/SnapKit";
			requirement = {
				kind = upToNextMajorVersion;
				minimumVersion = 5.6.0;
			};
		};
/* End XCRemoteSwiftPackageReference section */

/* Begin XCSwiftPackageProductDependency section */
		134DD75F2B334017003F5040 /* SnapKit */ = {
			isa = XCSwiftPackageProductDependency;
			package = 134DD75E2B334017003F5040 /* XCRemoteSwiftPackageReference "SnapKit" */;
			productName = SnapKit;
		};
/* End XCSwiftPackageProductDependency section */

/* Begin XCVersionGroup section */
		1383862F2B2F178500FAB406 /* VoioM.xcdatamodeld */ = {
			isa = XCVersionGroup;
			children = (
				138386302B2F178500FAB406 /* VoioM.xcdatamodel */,
			);
			currentVersion = 138386302B2F178500FAB406 /* VoioM.xcdatamodel */;
			path = VoioM.xcdatamodeld;
			sourceTree = "<group>";
			versionGroupType = wrapper.xcdatamodel;
		};
/* End XCVersionGroup section */
	};
	rootObject = 1383861B2B2F178500FAB406 /* Project object */;
}
